// !$*UTF8*$!
{
	archiveVersion = 1;
	classes = {
	};
	objectVersion = 46;
	objects = {

/* Begin PBXBuildFile section */
		B4512E631417F53200279553 /* Sparkle.framework in Frameworks */ = {isa = PBXBuildFile; fileRef = B4512E621417F53200279553 /* Sparkle.framework */; };
		B4512E661417F57300279553 /* Sparkle.framework in CopyFiles */ = {isa = PBXBuildFile; fileRef = B4512E621417F53200279553 /* Sparkle.framework */; };
		B4512E681418182900279553 /* dsa_pub.pem in Resources */ = {isa = PBXBuildFile; fileRef = B4512E671418182900279553 /* dsa_pub.pem */; };
		B45969CE141FF2F3004E5DA9 /* numpy_tests.py in Resources */ = {isa = PBXBuildFile; fileRef = B45969CB141FF2F3004E5DA9 /* numpy_tests.py */; };
		B45969CF141FF2F3004E5DA9 /* quick_test.py in Resources */ = {isa = PBXBuildFile; fileRef = B45969CC141FF2F3004E5DA9 /* quick_test.py */; };
		B45969D0141FF2F3004E5DA9 /* scipy_tests.py in Resources */ = {isa = PBXBuildFile; fileRef = B45969CD141FF2F3004E5DA9 /* scipy_tests.py */; };
		B49A7A3A142522D200059DDC /* prompt.png in Resources */ = {isa = PBXBuildFile; fileRef = B49A7A39142522D200059DDC /* prompt.png */; };
		B4A45914140AE90300CEE334 /* obspy-logo.png in Resources */ = {isa = PBXBuildFile; fileRef = B4A45913140AE90300CEE334 /* obspy-logo.png */; };
		B4C3DAD6141920D500BDDEAC /* ApplicationDataModel.m in Sources */ = {isa = PBXBuildFile; fileRef = B4C3DAD5141920D500BDDEAC /* ApplicationDataModel.m */; };
		B4C3DADE14192F0A00BDDEAC /* Hyperlink.m in Sources */ = {isa = PBXBuildFile; fileRef = B4C3DADD14192F0A00BDDEAC /* Hyperlink.m */; };
		B4D1974A14091C2500A86724 /* Cocoa.framework in Frameworks */ = {isa = PBXBuildFile; fileRef = B4D1974914091C2500A86724 /* Cocoa.framework */; };
		B4D1975414091C2500A86724 /* InfoPlist.strings in Resources */ = {isa = PBXBuildFile; fileRef = B4D1975214091C2500A86724 /* InfoPlist.strings */; };
		B4D1975614091C2500A86724 /* main.m in Sources */ = {isa = PBXBuildFile; fileRef = B4D1975514091C2500A86724 /* main.m */; };
		B4D1975A14091C2500A86724 /* Credits.rtf in Resources */ = {isa = PBXBuildFile; fileRef = B4D1975814091C2500A86724 /* Credits.rtf */; };
		B4D1975D14091C2500A86724 /* ObsPyAppDelegate.m in Sources */ = {isa = PBXBuildFile; fileRef = B4D1975C14091C2500A86724 /* ObsPyAppDelegate.m */; };
		B4D1976014091C2500A86724 /* MainMenu.xib in Resources */ = {isa = PBXBuildFile; fileRef = B4D1975E14091C2500A86724 /* MainMenu.xib */; };
		B4D9E084141E954B004387F7 /* TTYEmulation.m in Sources */ = {isa = PBXBuildFile; fileRef = B4D9E081141E954B004387F7 /* TTYEmulation.m */; };
		B4DFD4F8188589E200F1B33A /* obspy.iconset in Resources */ = {isa = PBXBuildFile; fileRef = B4DFD4F7188589E200F1B33A /* obspy.iconset */; };
/* End PBXBuildFile section */

/* Begin PBXCopyFilesBuildPhase section */
		B4512E651417F56000279553 /* CopyFiles */ = {
			isa = PBXCopyFilesBuildPhase;
			buildActionMask = 2147483647;
			dstPath = "";
			dstSubfolderSpec = 10;
			files = (
				B4512E661417F57300279553 /* Sparkle.framework in CopyFiles */,
			);
			runOnlyForDeploymentPostprocessing = 0;
		};
/* End PBXCopyFilesBuildPhase section */

/* Begin PBXFileReference section */
		B4512E621417F53200279553 /* Sparkle.framework */ = {isa = PBXFileReference; lastKnownFileType = wrapper.framework; path = Sparkle.framework; sourceTree = "<group>"; };
		B4512E671418182900279553 /* dsa_pub.pem */ = {isa = PBXFileReference; fileEncoding = 4; lastKnownFileType = text; path = dsa_pub.pem; sourceTree = "<group>"; };
		B45969CB141FF2F3004E5DA9 /* numpy_tests.py */ = {isa = PBXFileReference; fileEncoding = 4; lastKnownFileType = text.script.python; path = numpy_tests.py; sourceTree = "<group>"; };
		B45969CC141FF2F3004E5DA9 /* quick_test.py */ = {isa = PBXFileReference; fileEncoding = 4; lastKnownFileType = text.script.python; path = quick_test.py; sourceTree = "<group>"; };
		B45969CD141FF2F3004E5DA9 /* scipy_tests.py */ = {isa = PBXFileReference; fileEncoding = 4; lastKnownFileType = text.script.python; path = scipy_tests.py; sourceTree = "<group>"; };
		B49A7A39142522D200059DDC /* prompt.png */ = {isa = PBXFileReference; lastKnownFileType = image.png; path = prompt.png; sourceTree = "<group>"; };
		B4A45913140AE90300CEE334 /* obspy-logo.png */ = {isa = PBXFileReference; lastKnownFileType = image.png; path = "obspy-logo.png"; sourceTree = "<group>"; };
		B4C3DAD4141920D500BDDEAC /* ApplicationDataModel.h */ = {isa = PBXFileReference; fileEncoding = 4; lastKnownFileType = sourcecode.c.h; path = ApplicationDataModel.h; sourceTree = "<group>"; };
		B4C3DAD5141920D500BDDEAC /* ApplicationDataModel.m */ = {isa = PBXFileReference; fileEncoding = 4; lastKnownFileType = sourcecode.c.objc; path = ApplicationDataModel.m; sourceTree = "<group>"; };
		B4C3DADC14192F0A00BDDEAC /* Hyperlink.h */ = {isa = PBXFileReference; fileEncoding = 4; lastKnownFileType = sourcecode.c.h; path = Hyperlink.h; sourceTree = "<group>"; };
		B4C3DADD14192F0A00BDDEAC /* Hyperlink.m */ = {isa = PBXFileReference; fileEncoding = 4; lastKnownFileType = sourcecode.c.objc; path = Hyperlink.m; sourceTree = "<group>"; };
		B4D1974514091C2500A86724 /* ObsPy.app */ = {isa = PBXFileReference; explicitFileType = wrapper.application; includeInIndex = 0; path = ObsPy.app; sourceTree = BUILT_PRODUCTS_DIR; };
		B4D1974914091C2500A86724 /* Cocoa.framework */ = {isa = PBXFileReference; lastKnownFileType = wrapper.framework; name = Cocoa.framework; path = System/Library/Frameworks/Cocoa.framework; sourceTree = SDKROOT; };
		B4D1974C14091C2500A86724 /* AppKit.framework */ = {isa = PBXFileReference; lastKnownFileType = wrapper.framework; name = AppKit.framework; path = System/Library/Frameworks/AppKit.framework; sourceTree = SDKROOT; };
		B4D1974D14091C2500A86724 /* CoreData.framework */ = {isa = PBXFileReference; lastKnownFileType = wrapper.framework; name = CoreData.framework; path = System/Library/Frameworks/CoreData.framework; sourceTree = SDKROOT; };
		B4D1974E14091C2500A86724 /* Foundation.framework */ = {isa = PBXFileReference; lastKnownFileType = wrapper.framework; name = Foundation.framework; path = System/Library/Frameworks/Foundation.framework; sourceTree = SDKROOT; };
		B4D1975114091C2500A86724 /* ObsPy-Info.plist */ = {isa = PBXFileReference; lastKnownFileType = text.plist.xml; path = "ObsPy-Info.plist"; sourceTree = "<group>"; };
		B4D1975314091C2500A86724 /* en */ = {isa = PBXFileReference; lastKnownFileType = text.plist.strings; name = en; path = en.lproj/InfoPlist.strings; sourceTree = "<group>"; };
		B4D1975514091C2500A86724 /* main.m */ = {isa = PBXFileReference; lastKnownFileType = sourcecode.c.objc; path = main.m; sourceTree = "<group>"; };
		B4D1975714091C2500A86724 /* ObsPy-Prefix.pch */ = {isa = PBXFileReference; lastKnownFileType = sourcecode.c.h; path = "ObsPy-Prefix.pch"; sourceTree = "<group>"; };
		B4D1975914091C2500A86724 /* en */ = {isa = PBXFileReference; lastKnownFileType = text.rtf; name = en; path = en.lproj/Credits.rtf; sourceTree = "<group>"; };
		B4D1975B14091C2500A86724 /* ObsPyAppDelegate.h */ = {isa = PBXFileReference; lastKnownFileType = sourcecode.c.h; path = ObsPyAppDelegate.h; sourceTree = "<group>"; };
		B4D1975C14091C2500A86724 /* ObsPyAppDelegate.m */ = {isa = PBXFileReference; lastKnownFileType = sourcecode.c.objc; path = ObsPyAppDelegate.m; sourceTree = "<group>"; };
		B4D1975F14091C2500A86724 /* en */ = {isa = PBXFileReference; lastKnownFileType = file.xib; name = en; path = en.lproj/MainMenu.xib; sourceTree = "<group>"; };
		B4D9E080141E954B004387F7 /* TTYEmulation.h */ = {isa = PBXFileReference; fileEncoding = 4; lastKnownFileType = sourcecode.c.h; path = TTYEmulation.h; sourceTree = "<group>"; };
		B4D9E081141E954B004387F7 /* TTYEmulation.m */ = {isa = PBXFileReference; fileEncoding = 4; lastKnownFileType = sourcecode.c.objc; path = TTYEmulation.m; sourceTree = "<group>"; };
		B4DFD4F7188589E200F1B33A /* obspy.iconset */ = {isa = PBXFileReference; lastKnownFileType = folder.iconset; path = obspy.iconset; sourceTree = "<group>"; };
/* End PBXFileReference section */

/* Begin PBXFrameworksBuildPhase section */
		B4D1974214091C2500A86724 /* Frameworks */ = {
			isa = PBXFrameworksBuildPhase;
			buildActionMask = 2147483647;
			files = (
				B4D1974A14091C2500A86724 /* Cocoa.framework in Frameworks */,
				B4512E631417F53200279553 /* Sparkle.framework in Frameworks */,
			);
			runOnlyForDeploymentPostprocessing = 0;
		};
/* End PBXFrameworksBuildPhase section */

/* Begin PBXGroup section */
		B45969C9141FF2A3004E5DA9 /* Python Scripts */ = {
			isa = PBXGroup;
			children = (
				B45969CB141FF2F3004E5DA9 /* numpy_tests.py */,
				B45969CC141FF2F3004E5DA9 /* quick_test.py */,
				B45969CD141FF2F3004E5DA9 /* scipy_tests.py */,
			);
			name = "Python Scripts";
			sourceTree = "<group>";
		};
		B4D1973A14091C2500A86724 = {
			isa = PBXGroup;
			children = (
				B4D1974F14091C2500A86724 /* ObsPy */,
				B4D1974814091C2500A86724 /* Frameworks */,
				B4D1974614091C2500A86724 /* Products */,
			);
			sourceTree = "<group>";
		};
		B4D1974614091C2500A86724 /* Products */ = {
			isa = PBXGroup;
			children = (
				B4D1974514091C2500A86724 /* ObsPy.app */,
			);
			name = Products;
			sourceTree = "<group>";
		};
		B4D1974814091C2500A86724 /* Frameworks */ = {
			isa = PBXGroup;
			children = (
				B4512E621417F53200279553 /* Sparkle.framework */,
				B4D1974914091C2500A86724 /* Cocoa.framework */,
				B4D1974B14091C2500A86724 /* Other Frameworks */,
			);
			name = Frameworks;
			sourceTree = "<group>";
		};
		B4D1974B14091C2500A86724 /* Other Frameworks */ = {
			isa = PBXGroup;
			children = (
				B4D1974C14091C2500A86724 /* AppKit.framework */,
				B4D1974D14091C2500A86724 /* CoreData.framework */,
				B4D1974E14091C2500A86724 /* Foundation.framework */,
			);
			name = "Other Frameworks";
			sourceTree = "<group>";
		};
		B4D1974F14091C2500A86724 /* ObsPy */ = {
			isa = PBXGroup;
			children = (
				B4DFD4F7188589E200F1B33A /* obspy.iconset */,
				B4D9E07E141E9535004387F7 /* Terminal Emulation */,
				B4D1975B14091C2500A86724 /* ObsPyAppDelegate.h */,
				B4D1975C14091C2500A86724 /* ObsPyAppDelegate.m */,
				B4C3DAD4141920D500BDDEAC /* ApplicationDataModel.h */,
				B4C3DAD5141920D500BDDEAC /* ApplicationDataModel.m */,
				B4C3DADC14192F0A00BDDEAC /* Hyperlink.h */,
				B4C3DADD14192F0A00BDDEAC /* Hyperlink.m */,
				B4D1975E14091C2500A86724 /* MainMenu.xib */,
				B4D1975014091C2500A86724 /* Supporting Files */,
			);
			path = ObsPy;
			sourceTree = "<group>";
		};
		B4D1975014091C2500A86724 /* Supporting Files */ = {
			isa = PBXGroup;
			children = (
				B49A7A39142522D200059DDC /* prompt.png */,
				B45969C9141FF2A3004E5DA9 /* Python Scripts */,
				B4512E671418182900279553 /* dsa_pub.pem */,
				B4A45913140AE90300CEE334 /* obspy-logo.png */,
				B4D1975114091C2500A86724 /* ObsPy-Info.plist */,
				B4D1975214091C2500A86724 /* InfoPlist.strings */,
				B4D1975514091C2500A86724 /* main.m */,
				B4D1975714091C2500A86724 /* ObsPy-Prefix.pch */,
				B4D1975814091C2500A86724 /* Credits.rtf */,
			);
			name = "Supporting Files";
			sourceTree = "<group>";
		};
		B4D9E07E141E9535004387F7 /* Terminal Emulation */ = {
			isa = PBXGroup;
			children = (
				B4D9E080141E954B004387F7 /* TTYEmulation.h */,
				B4D9E081141E954B004387F7 /* TTYEmulation.m */,
			);
			name = "Terminal Emulation";
			sourceTree = "<group>";
		};
/* End PBXGroup section */

/* Begin PBXNativeTarget section */
		B4D1974414091C2500A86724 /* ObsPy */ = {
			isa = PBXNativeTarget;
			buildConfigurationList = B4D1976314091C2500A86724 /* Build configuration list for PBXNativeTarget "ObsPy" */;
			buildPhases = (
				B4D1974114091C2500A86724 /* Sources */,
				B4D1974214091C2500A86724 /* Frameworks */,
				B4D1974314091C2500A86724 /* Resources */,
				B4512E651417F56000279553 /* CopyFiles */,
			);
			buildRules = (
			);
			dependencies = (
			);
			name = ObsPy;
			productName = ObsPy;
			productReference = B4D1974514091C2500A86724 /* ObsPy.app */;
			productType = "com.apple.product-type.application";
		};
/* End PBXNativeTarget section */

/* Begin PBXProject section */
		B4D1973C14091C2500A86724 /* Project object */ = {
			isa = PBXProject;
			buildConfigurationList = B4D1973F14091C2500A86724 /* Build configuration list for PBXProject "ObsPy" */;
			compatibilityVersion = "Xcode 3.2";
			developmentRegion = English;
			hasScannedForEncodings = 0;
			knownRegions = (
				en,
			);
			mainGroup = B4D1973A14091C2500A86724;
			productRefGroup = B4D1974614091C2500A86724 /* Products */;
			projectDirPath = "";
			projectRoot = "";
			targets = (
				B4D1974414091C2500A86724 /* ObsPy */,
			);
		};
/* End PBXProject section */

/* Begin PBXResourcesBuildPhase section */
		B4D1974314091C2500A86724 /* Resources */ = {
			isa = PBXResourcesBuildPhase;
			buildActionMask = 2147483647;
			files = (
				B4D1975414091C2500A86724 /* InfoPlist.strings in Resources */,
				B4D1975A14091C2500A86724 /* Credits.rtf in Resources */,
				B4D1976014091C2500A86724 /* MainMenu.xib in Resources */,
				B4A45914140AE90300CEE334 /* obspy-logo.png in Resources */,
				B4512E681418182900279553 /* dsa_pub.pem in Resources */,
				B45969CE141FF2F3004E5DA9 /* numpy_tests.py in Resources */,
				B45969CF141FF2F3004E5DA9 /* quick_test.py in Resources */,
				B45969D0141FF2F3004E5DA9 /* scipy_tests.py in Resources */,
				B49A7A3A142522D200059DDC /* prompt.png in Resources */,
				B4DFD4F8188589E200F1B33A /* obspy.iconset in Resources */,
			);
			runOnlyForDeploymentPostprocessing = 0;
		};
/* End PBXResourcesBuildPhase section */

/* Begin PBXSourcesBuildPhase section */
		B4D1974114091C2500A86724 /* Sources */ = {
			isa = PBXSourcesBuildPhase;
			buildActionMask = 2147483647;
			files = (
				B4D1975614091C2500A86724 /* main.m in Sources */,
				B4D1975D14091C2500A86724 /* ObsPyAppDelegate.m in Sources */,
				B4C3DAD6141920D500BDDEAC /* ApplicationDataModel.m in Sources */,
				B4C3DADE14192F0A00BDDEAC /* Hyperlink.m in Sources */,
				B4D9E084141E954B004387F7 /* TTYEmulation.m in Sources */,
			);
			runOnlyForDeploymentPostprocessing = 0;
		};
/* End PBXSourcesBuildPhase section */

/* Begin PBXVariantGroup section */
		B4D1975214091C2500A86724 /* InfoPlist.strings */ = {
			isa = PBXVariantGroup;
			children = (
				B4D1975314091C2500A86724 /* en */,
			);
			name = InfoPlist.strings;
			sourceTree = "<group>";
		};
		B4D1975814091C2500A86724 /* Credits.rtf */ = {
			isa = PBXVariantGroup;
			children = (
				B4D1975914091C2500A86724 /* en */,
			);
			name = Credits.rtf;
			sourceTree = "<group>";
		};
		B4D1975E14091C2500A86724 /* MainMenu.xib */ = {
			isa = PBXVariantGroup;
			children = (
				B4D1975F14091C2500A86724 /* en */,
			);
			name = MainMenu.xib;
			sourceTree = "<group>";
		};
/* End PBXVariantGroup section */

/* Begin XCBuildConfiguration section */
		B4D1976114091C2500A86724 /* Debug */ = {
			isa = XCBuildConfiguration;
			buildSettings = {
				ALWAYS_SEARCH_USER_PATHS = NO;
				ARCHS = "$(ARCHS_STANDARD_32_64_BIT)";
				COPY_PHASE_STRIP = NO;
				GCC_C_LANGUAGE_STANDARD = gnu99;
				GCC_DYNAMIC_NO_PIC = NO;
				GCC_ENABLE_OBJC_EXCEPTIONS = YES;
				GCC_OPTIMIZATION_LEVEL = 0;
				GCC_PREPROCESSOR_DEFINITIONS = (
					"DEBUG=1",
					"$(inherited)",
				);
				GCC_SYMBOLS_PRIVATE_EXTERN = NO;
				GCC_VERSION = com.apple.compilers.llvm.clang.1_0;
				GCC_WARN_64_TO_32_BIT_CONVERSION = YES;
				GCC_WARN_ABOUT_MISSING_PROTOTYPES = YES;
				GCC_WARN_ABOUT_RETURN_TYPE = YES;
				GCC_WARN_UNUSED_VARIABLE = YES;
				MACOSX_DEPLOYMENT_TARGET = 10.6;
				ONLY_ACTIVE_ARCH = YES;
				SDKROOT = macosx;
			};
			name = Debug;
		};
		B4D1976214091C2500A86724 /* Release */ = {
			isa = XCBuildConfiguration;
			buildSettings = {
				ALWAYS_SEARCH_USER_PATHS = NO;
				ARCHS = "$(ARCHS_STANDARD_32_64_BIT)";
				COPY_PHASE_STRIP = YES;
				DEBUG_INFORMATION_FORMAT = "dwarf-with-dsym";
				GCC_C_LANGUAGE_STANDARD = gnu99;
				GCC_ENABLE_OBJC_EXCEPTIONS = YES;
				GCC_VERSION = com.apple.compilers.llvm.clang.1_0;
				GCC_WARN_64_TO_32_BIT_CONVERSION = YES;
				GCC_WARN_ABOUT_MISSING_PROTOTYPES = YES;
				GCC_WARN_ABOUT_RETURN_TYPE = YES;
				GCC_WARN_UNUSED_VARIABLE = YES;
				MACOSX_DEPLOYMENT_TARGET = 10.6;
				ONLY_ACTIVE_ARCH = NO;
				SDKROOT = macosx;
			};
			name = Release;
		};
		B4D1976414091C2500A86724 /* Debug */ = {
			isa = XCBuildConfiguration;
			buildSettings = {
				FRAMEWORK_SEARCH_PATHS = (
					"$(inherited)",
					"\"$(SRCROOT)\"",
				);
				GCC_PRECOMPILE_PREFIX_HEADER = YES;
				GCC_PREFIX_HEADER = "ObsPy/ObsPy-Prefix.pch";
				INFOPLIST_FILE = "ObsPy/ObsPy-Info.plist";
				MACOSX_DEPLOYMENT_TARGET = 10.6;
				PRODUCT_NAME = "$(TARGET_NAME)";
				WRAPPER_EXTENSION = app;
			};
			name = Debug;
		};
		B4D1976514091C2500A86724 /* Release */ = {
			isa = XCBuildConfiguration;
			buildSettings = {
				FRAMEWORK_SEARCH_PATHS = (
					"$(inherited)",
					"\"$(SRCROOT)\"",
				);
				GCC_PRECOMPILE_PREFIX_HEADER = YES;
				GCC_PREFIX_HEADER = "ObsPy/ObsPy-Prefix.pch";
				INFOPLIST_FILE = "ObsPy/ObsPy-Info.plist";
				MACOSX_DEPLOYMENT_TARGET = 10.6;
				PRODUCT_NAME = "$(TARGET_NAME)";
				WRAPPER_EXTENSION = app;
			};
			name = Release;
		};
/* End XCBuildConfiguration section */

/* Begin XCConfigurationList section */
		B4D1973F14091C2500A86724 /* Build configuration list for PBXProject "ObsPy" */ = {
			isa = XCConfigurationList;
			buildConfigurations = (
				B4D1976114091C2500A86724 /* Debug */,
				B4D1976214091C2500A86724 /* Release */,
			);
			defaultConfigurationIsVisible = 0;
			defaultConfigurationName = Release;
		};
		B4D1976314091C2500A86724 /* Build configuration list for PBXNativeTarget "ObsPy" */ = {
			isa = XCConfigurationList;
			buildConfigurations = (
				B4D1976414091C2500A86724 /* Debug */,
				B4D1976514091C2500A86724 /* Release */,
			);
			defaultConfigurationIsVisible = 0;
			defaultConfigurationName = Release;
		};
/* End XCConfigurationList section */
	};
	rootObject = B4D1973C14091C2500A86724 /* Project object */;
}
